
Microsoft Visual Studio Solution File, Format Version 12.00
# Visual Studio Version 16
VisualStudioVersion = 25.0.1703.7
MinimumVisualStudioVersion = 10.0.40219.1
Project("{FAE04EC0-301F-11D3-BF4B-00C04F79EFBC}") = "Catalog.API", "Catalog.API.csproj", "{F0983183-7CAB-42B9-8D69-E164B9DCD4AB}"
EndProject
Global
	GlobalSection(SolutionConfigurationPlatforms) = preSolution
		Debug|Any CPU = Debug|Any CPU
		Release|Any CPU = Release|Any CPU
	EndGlobalSection
	GlobalSection(ProjectConfigurationPlatforms) = postSolution
		{F0983183-7CAB-42B9-8D69-E164B9DCD4AB}.Debug|Any CPU.ActiveCfg = Debug|Any CPU
		{F0983183-7CAB-42B9-8D69-E164B9DCD4AB}.Debug|Any CPU.Build.0 = Debug|Any CPU
		{F0983183-7CAB-42B9-8D69-E164B9DCD4AB}.Release|Any CPU.ActiveCfg = Release|Any CPU
		{F0983183-7CAB-42B9-8D69-E164B9DCD4AB}.Release|Any CPU.Build.0 = Release|Any CPU
	EndGlobalSection
	GlobalSection(SolutionProperties) = preSolution
		HideSolutionNode = FALSE
	EndGlobalSection
	GlobalSection(ExtensibilityGlobals) = postSolution
		SolutionGuid = {0BFAAB88-67EE-4F99-8311-C1F79EB110E8}
	EndGlobalSection
EndGlobal
