
Microsoft Visual Studio Solution File, Format Version 12.00
# Visual Studio Version 16
VisualStudioVersion = 16.0.30114.105
MinimumVisualStudioVersion = 10.0.40219.1
Project("{2150E333-8FDC-42A3-9474-1A3956D46DE8}") = "Services", "Services", "{555A83C5-91AE-496D-9A2D-41D76571167F}"
EndProject
Project("{FAE04EC0-301F-11D3-BF4B-00C04F79EFBC}") = "Catalog.API", "Services\Catalog.API\Catalog.API.csproj", "{A579C4EB-7AF4-47F4-9C3E-23DA25DEB156}"
EndProject
Project("{E53339B2-1760-4266-BCC7-CA923CBCF16C}") = "docker-compose", "docker-compose.dcproj", "{41AEF96C-1B35-491E-AEA5-B4FC1880C10F}"
EndProject
Project("{FAE04EC0-301F-11D3-BF4B-00C04F79EFBC}") = "Basket.API", "Services\Basket.API\Basket.API.csproj", "{1977DF23-C7B9-48D0-931B-000176C71D4D}"
EndProject
Project("{FAE04EC0-301F-11D3-BF4B-00C04F79EFBC}") = "Discount.API", "Services\Discount.API\Discount.API.csproj", "{A5BA8658-15B4-4DB9-9DC2-9FF29EA67170}"
EndProject
Project("{FAE04EC0-301F-11D3-BF4B-00C04F79EFBC}") = "Discount.Grpc", "Services\Discount.Grpc\Discount.Grpc.csproj", "{FF53AD07-B4F6-492F-AEEF-95AB01AF8BE9}"
EndProject
Project("{FAE04EC0-301F-11D3-BF4B-00C04F79EFBC}") = "Ordering.API", "Services\Ordering.API\Ordering.API.csproj", "{B9400F99-C052-4ECF-BEC5-E80DA5C8BC7D}"
EndProject
Project("{FAE04EC0-301F-11D3-BF4B-00C04F79EFBC}") = "Ordering.Domain", "Services\Ordering.Domain\Ordering.Domain.csproj", "{79BC27BA-63DF-464D-814C-0FE0A2AB1CB9}"
EndProject
Project("{FAE04EC0-301F-11D3-BF4B-00C04F79EFBC}") = "Ordering.Application", "Services\Ordering.Application\Ordering.Application.csproj", "{6648ABDC-1C48-43AB-BDBB-F8514658F4D8}"
EndProject
Project("{FAE04EC0-301F-11D3-BF4B-00C04F79EFBC}") = "Ordering.Infrastructure", "Services\Ordering.Infrastructure\Ordering.Infrastructure.csproj", "{AD82D8C0-72F5-40CA-B072-32A0241C59A3}"
EndProject
Global
	GlobalSection(SolutionConfigurationPlatforms) = preSolution
		Debug|Any CPU = Debug|Any CPU
		Release|Any CPU = Release|Any CPU
	EndGlobalSection
	GlobalSection(SolutionProperties) = preSolution
		HideSolutionNode = FALSE
	EndGlobalSection
	GlobalSection(ProjectConfigurationPlatforms) = postSolution
		{A579C4EB-7AF4-47F4-9C3E-23DA25DEB156}.Debug|Any CPU.ActiveCfg = Debug|Any CPU
		{A579C4EB-7AF4-47F4-9C3E-23DA25DEB156}.Debug|Any CPU.Build.0 = Debug|Any CPU
		{A579C4EB-7AF4-47F4-9C3E-23DA25DEB156}.Release|Any CPU.ActiveCfg = Release|Any CPU
		{A579C4EB-7AF4-47F4-9C3E-23DA25DEB156}.Release|Any CPU.Build.0 = Release|Any CPU
		{41AEF96C-1B35-491E-AEA5-B4FC1880C10F}.Debug|Any CPU.ActiveCfg = Debug|Any CPU
		{41AEF96C-1B35-491E-AEA5-B4FC1880C10F}.Debug|Any CPU.Build.0 = Debug|Any CPU
		{41AEF96C-1B35-491E-AEA5-B4FC1880C10F}.Release|Any CPU.ActiveCfg = Release|Any CPU
		{41AEF96C-1B35-491E-AEA5-B4FC1880C10F}.Release|Any CPU.Build.0 = Release|Any CPU
		{1977DF23-C7B9-48D0-931B-000176C71D4D}.Debug|Any CPU.ActiveCfg = Debug|Any CPU
		{1977DF23-C7B9-48D0-931B-000176C71D4D}.Debug|Any CPU.Build.0 = Debug|Any CPU
		{1977DF23-C7B9-48D0-931B-000176C71D4D}.Release|Any CPU.ActiveCfg = Release|Any CPU
		{1977DF23-C7B9-48D0-931B-000176C71D4D}.Release|Any CPU.Build.0 = Release|Any CPU
		{A5BA8658-15B4-4DB9-9DC2-9FF29EA67170}.Debug|Any CPU.ActiveCfg = Debug|Any CPU
		{A5BA8658-15B4-4DB9-9DC2-9FF29EA67170}.Debug|Any CPU.Build.0 = Debug|Any CPU
		{A5BA8658-15B4-4DB9-9DC2-9FF29EA67170}.Release|Any CPU.ActiveCfg = Release|Any CPU
		{A5BA8658-15B4-4DB9-9DC2-9FF29EA67170}.Release|Any CPU.Build.0 = Release|Any CPU
		{FF53AD07-B4F6-492F-AEEF-95AB01AF8BE9}.Debug|Any CPU.ActiveCfg = Debug|Any CPU
		{FF53AD07-B4F6-492F-AEEF-95AB01AF8BE9}.Debug|Any CPU.Build.0 = Debug|Any CPU
		{FF53AD07-B4F6-492F-AEEF-95AB01AF8BE9}.Release|Any CPU.ActiveCfg = Release|Any CPU
		{FF53AD07-B4F6-492F-AEEF-95AB01AF8BE9}.Release|Any CPU.Build.0 = Release|Any CPU
		{B9400F99-C052-4ECF-BEC5-E80DA5C8BC7D}.Debug|Any CPU.ActiveCfg = Debug|Any CPU
		{B9400F99-C052-4ECF-BEC5-E80DA5C8BC7D}.Debug|Any CPU.Build.0 = Debug|Any CPU
		{B9400F99-C052-4ECF-BEC5-E80DA5C8BC7D}.Release|Any CPU.ActiveCfg = Release|Any CPU
		{B9400F99-C052-4ECF-BEC5-E80DA5C8BC7D}.Release|Any CPU.Build.0 = Release|Any CPU
		{79BC27BA-63DF-464D-814C-0FE0A2AB1CB9}.Debug|Any CPU.ActiveCfg = Debug|Any CPU
		{79BC27BA-63DF-464D-814C-0FE0A2AB1CB9}.Debug|Any CPU.Build.0 = Debug|Any CPU
		{79BC27BA-63DF-464D-814C-0FE0A2AB1CB9}.Release|Any CPU.ActiveCfg = Release|Any CPU
		{79BC27BA-63DF-464D-814C-0FE0A2AB1CB9}.Release|Any CPU.Build.0 = Release|Any CPU
		{6648ABDC-1C48-43AB-BDBB-F8514658F4D8}.Debug|Any CPU.ActiveCfg = Debug|Any CPU
		{6648ABDC-1C48-43AB-BDBB-F8514658F4D8}.Debug|Any CPU.Build.0 = Debug|Any CPU
		{6648ABDC-1C48-43AB-BDBB-F8514658F4D8}.Release|Any CPU.ActiveCfg = Release|Any CPU
		{6648ABDC-1C48-43AB-BDBB-F8514658F4D8}.Release|Any CPU.Build.0 = Release|Any CPU
		{AD82D8C0-72F5-40CA-B072-32A0241C59A3}.Debug|Any CPU.ActiveCfg = Debug|Any CPU
		{AD82D8C0-72F5-40CA-B072-32A0241C59A3}.Debug|Any CPU.Build.0 = Debug|Any CPU
		{AD82D8C0-72F5-40CA-B072-32A0241C59A3}.Release|Any CPU.ActiveCfg = Release|Any CPU
		{AD82D8C0-72F5-40CA-B072-32A0241C59A3}.Release|Any CPU.Build.0 = Release|Any CPU
	EndGlobalSection
	GlobalSection(NestedProjects) = preSolution
		{A579C4EB-7AF4-47F4-9C3E-23DA25DEB156} = {555A83C5-91AE-496D-9A2D-41D76571167F}
		{1977DF23-C7B9-48D0-931B-000176C71D4D} = {555A83C5-91AE-496D-9A2D-41D76571167F}
		{A5BA8658-15B4-4DB9-9DC2-9FF29EA67170} = {555A83C5-91AE-496D-9A2D-41D76571167F}
		{FF53AD07-B4F6-492F-AEEF-95AB01AF8BE9} = {555A83C5-91AE-496D-9A2D-41D76571167F}
		{B9400F99-C052-4ECF-BEC5-E80DA5C8BC7D} = {555A83C5-91AE-496D-9A2D-41D76571167F}
		{79BC27BA-63DF-464D-814C-0FE0A2AB1CB9} = {555A83C5-91AE-496D-9A2D-41D76571167F}
		{6648ABDC-1C48-43AB-BDBB-F8514658F4D8} = {555A83C5-91AE-496D-9A2D-41D76571167F}
		{AD82D8C0-72F5-40CA-B072-32A0241C59A3} = {555A83C5-91AE-496D-9A2D-41D76571167F}
	EndGlobalSection
EndGlobal
