
Microsoft Visual Studio Solution File, Format Version 12.00
# Visual Studio Version 16
VisualStudioVersion = 25.0.1703.2
MinimumVisualStudioVersion = 10.0.40219.1
Project("{FAE04EC0-301F-11D3-BF4B-00C04F79EFBC}") = "SimpleAPI", "SimpleAPI.csproj", "{53204221-7DE4-4AF0-98FB-840F0677FE09}"
EndProject
Global
	GlobalSection(SolutionConfigurationPlatforms) = preSolution
		Debug|Any CPU = Debug|Any CPU
		Release|Any CPU = Release|Any CPU
	EndGlobalSection
	GlobalSection(ProjectConfigurationPlatforms) = postSolution
		{53204221-7DE4-4AF0-98FB-840F0677FE09}.Debug|Any CPU.ActiveCfg = Debug|Any CPU
		{53204221-7DE4-4AF0-98FB-840F0677FE09}.Debug|Any CPU.Build.0 = Debug|Any CPU
		{53204221-7DE4-4AF0-98FB-840F0677FE09}.Release|Any CPU.ActiveCfg = Release|Any CPU
		{53204221-7DE4-4AF0-98FB-840F0677FE09}.Release|Any CPU.Build.0 = Release|Any CPU
	EndGlobalSection
	GlobalSection(SolutionProperties) = preSolution
		HideSolutionNode = FALSE
	EndGlobalSection
	GlobalSection(ExtensibilityGlobals) = postSolution
		SolutionGuid = {C43617B4-2F58-4DA7-B99F-149E8214D6F2}
	EndGlobalSection
EndGlobal
