
Microsoft Visual Studio Solution File, Format Version 12.00
# Visual Studio Version 16
VisualStudioVersion = 25.0.1703.2
MinimumVisualStudioVersion = 10.0.40219.1
Project("{FAE04EC0-301F-11D3-BF4B-00C04F79EFBC}") = "CommandService", "CommandService.csproj", "{BC8439C3-6673-4C70-985E-4164480A2E70}"
EndProject
Global
	GlobalSection(SolutionConfigurationPlatforms) = preSolution
		Debug|Any CPU = Debug|Any CPU
		Release|Any CPU = Release|Any CPU
	EndGlobalSection
	GlobalSection(ProjectConfigurationPlatforms) = postSolution
		{BC8439C3-6673-4C70-985E-4164480A2E70}.Debug|Any CPU.ActiveCfg = Debug|Any CPU
		{BC8439C3-6673-4C70-985E-4164480A2E70}.Debug|Any CPU.Build.0 = Debug|Any CPU
		{BC8439C3-6673-4C70-985E-4164480A2E70}.Release|Any CPU.ActiveCfg = Release|Any CPU
		{BC8439C3-6673-4C70-985E-4164480A2E70}.Release|Any CPU.Build.0 = Release|Any CPU
	EndGlobalSection
	GlobalSection(SolutionProperties) = preSolution
		HideSolutionNode = FALSE
	EndGlobalSection
	GlobalSection(ExtensibilityGlobals) = postSolution
		SolutionGuid = {F0C7C788-F8DE-4027-AABC-E36577FADA5A}
	EndGlobalSection
EndGlobal
